
Microsoft Visual Studio Solution File, Format Version 12.00
# Visual Studio 15
VisualStudioVersion = 15.0.28307.1145
MinimumVisualStudioVersion = 10.0.40219.1
Project("{FAE04EC0-301F-11D3-BF4B-00C04F79EFBC}") = "WebBanHang.Web", "WebBanHang.Web\WebBanHang.Web.csproj", "{C08865A4-2765-413E-AFC3-845718FAD256}"
EndProject
Project("{FAE04EC0-301F-11D3-BF4B-00C04F79EFBC}") = "WebBanHang.Models", "WebBanHang.Models\WebBanHang.Models.csproj", "{B2F96561-A5B6-4471-A448-E697801E8BB1}"
EndProject
Global
	GlobalSection(SolutionConfigurationPlatforms) = preSolution
		Debug|Any CPU = Debug|Any CPU
		Release|Any CPU = Release|Any CPU
	EndGlobalSection
	GlobalSection(ProjectConfigurationPlatforms) = postSolution
		{C08865A4-2765-413E-AFC3-845718FAD256}.Debug|Any CPU.ActiveCfg = Debug|Any CPU
		{C08865A4-2765-413E-AFC3-845718FAD256}.Debug|Any CPU.Build.0 = Debug|Any CPU
		{C08865A4-2765-413E-AFC3-845718FAD256}.Release|Any CPU.ActiveCfg = Release|Any CPU
		{C08865A4-2765-413E-AFC3-845718FAD256}.Release|Any CPU.Build.0 = Release|Any CPU
		{B2F96561-A5B6-4471-A448-E697801E8BB1}.Debug|Any CPU.ActiveCfg = Debug|Any CPU
		{B2F96561-A5B6-4471-A448-E697801E8BB1}.Debug|Any CPU.Build.0 = Debug|Any CPU
		{B2F96561-A5B6-4471-A448-E697801E8BB1}.Release|Any CPU.ActiveCfg = Release|Any CPU
		{B2F96561-A5B6-4471-A448-E697801E8BB1}.Release|Any CPU.Build.0 = Release|Any CPU
	EndGlobalSection
	GlobalSection(SolutionProperties) = preSolution
		HideSolutionNode = FALSE
	EndGlobalSection
	GlobalSection(ExtensibilityGlobals) = postSolution
		SolutionGuid = {4E648395-EBE0-45E4-8381-7DEE76F5195C}
	EndGlobalSection
EndGlobal
